{
  "name": "@telus/remark-preset-lint-markdown",
  "version": "1.2.0",
  "lockfileVersion": 1,
  "requires": true,
  "dependencies": {
    "co": {
      "version": "3.1.0",
      "resolved": "https://registry.npmjs.org/co/-/co-3.1.0.tgz",
      "integrity": "sha1-TqVOpaCJOBUxheFSEMaNkJK8G3g="
    },
    "irregular-plurals": {
      "version": "2.0.0",
      "resolved": "https://registry.npmjs.org/irregular-plurals/-/irregular-plurals-2.0.0.tgz",
      "integrity": "sha512-Y75zBYLkh0lJ9qxeHlMjQ7bSbyiSqNW/UOPWDmzC7cXskL1hekSITh1Oc6JV0XCWWZ9DE8VYSB71xocLk3gmGw=="
    },
    "mdast-comment-marker": {
      "version": "1.0.3",
      "resolved": "https://registry.npmjs.org/mdast-comment-marker/-/mdast-comment-marker-1.0.3.tgz",
      "integrity": "sha512-FZXxBBYeJ/R6k9zgyVGygHWka6FDJdzSbP6kcvB+L4Yqz62po57rZlnA2I14LIKsb3XPEky4vgP0Y83tZXTw7Q=="
    },
    "mdast-util-heading-style": {
      "version": "1.0.4",
      "resolved": "https://registry.npmjs.org/mdast-util-heading-style/-/mdast-util-heading-style-1.0.4.tgz",
      "integrity": "sha512-n4fUvwpR5Uj1Ti658KxYDq9gR0UF3FK1UVTVig12imrSOssQU2OpUysje8nps5Cb85b6eau5akpWW7Zkxtv1XA=="
    },
    "mdast-util-to-string": {
      "version": "1.0.5",
      "resolved": "https://registry.npmjs.org/mdast-util-to-string/-/mdast-util-to-string-1.0.5.tgz",
      "integrity": "sha512-2qLt/DEOo5F6nc2VFScQiHPzQ0XXcabquRJxKMhKte8nt42o08HUxNDPk7tt0YPxnWjAT11I1SYi0X0iPnfI5A=="
    },
    "plur": {
      "version": "3.0.1",
      "resolved": "https://registry.npmjs.org/plur/-/plur-3.0.1.tgz",
      "integrity": "sha512-lJl0ojUynAM1BZn58Pas2WT/TXeC1+bS+UqShl0x9+49AtOn7DixRXVzaC8qrDOIxNDmepKnLuMTH7NQmkX0PA==",
      "requires": {
        "irregular-plurals": "^2.0.0"
      }
    },
    "remark-lint": {
      "version": "6.0.2",
      "resolved": "https://registry.npmjs.org/remark-lint/-/remark-lint-6.0.2.tgz",
      "integrity": "sha512-zrIx7InZLLOUYUViT6lSa8T80pDyl3Ywvliog+4hoc7LoiJZRV74ejq+RBZK70bg/p2dU/CV6ycedgypFFePPg==",
      "requires": {
        "remark-message-control": "^4.0.0"
      }
    },
    "remark-lint-blockquote-indentation": {
      "version": "1.0.2",
      "resolved": "https://registry.npmjs.org/remark-lint-blockquote-indentation/-/remark-lint-blockquote-indentation-1.0.2.tgz",
      "integrity": "sha512-u3ruA+4ZZOpt3YmTCdCOcYiGBMSQ/b/iJvZs/fibF6rwSBmkod48aGGJVoOLMuIuTYYbbXpzigxS+PeJwN0CDQ==",
      "requires": {
        "mdast-util-to-string": "^1.0.2",
        "plur": "^3.0.0",
        "unified-lint-rule": "^1.0.0",
        "unist-util-generated": "^1.1.0",
        "unist-util-position": "^3.0.0",
        "unist-util-visit": "^1.1.1"
      }
    },
    "remark-lint-code-block-style": {
      "version": "1.0.2",
      "resolved": "https://registry.npmjs.org/remark-lint-code-block-style/-/remark-lint-code-block-style-1.0.2.tgz",
      "integrity": "sha512-fTSCga/lJ710zBaD808NwqzAatVoLQFizvXWpetygKwoAfXCyMYQ9DUdDE5jdDhwOu2JPnKbxY+4t6m4SrKKWA==",
      "requires": {
        "unified-lint-rule": "^1.0.0",
        "unist-util-generated": "^1.1.0",
        "unist-util-position": "^3.0.0",
        "unist-util-visit": "^1.1.1"
      }
    },
    "remark-lint-definition-case": {
      "version": "1.0.2",
      "resolved": "https://registry.npmjs.org/remark-lint-definition-case/-/remark-lint-definition-case-1.0.2.tgz",
      "integrity": "sha512-vzL3IufsgYMdoYzgelryjBbNotMSac2VpIQWPbBrOEaMO8YA0OwFmD4ZxZ/IgqExRJs7CYO1v7Vr1/AhIy6RwA==",
      "requires": {
        "unified-lint-rule": "^1.0.0",
        "unist-util-generated": "^1.1.0",
        "unist-util-position": "^3.0.0",
        "unist-util-visit": "^1.1.1"
      }
    },
    "remark-lint-definition-spacing": {
      "version": "1.0.2",
      "resolved": "https://registry.npmjs.org/remark-lint-definition-spacing/-/remark-lint-definition-spacing-1.0.2.tgz",
      "integrity": "sha512-Yg1BcI/nydXii1B6kiqKIBsqDW7KlOCBMpJO2jMGmNuEuZe8sv1AWNmaCtiSCdPuDiX0CZRidklrkrZwAthPdw==",
      "requires": {
        "unified-lint-rule": "^1.0.0",
        "unist-util-generated": "^1.1.0",
        "unist-util-position": "^3.0.0",
        "unist-util-visit": "^1.1.1"
      }
    },
    "remark-lint-emphasis-marker": {
      "version": "1.0.2",
      "resolved": "https://registry.npmjs.org/remark-lint-emphasis-marker/-/remark-lint-emphasis-marker-1.0.2.tgz",
      "integrity": "sha512-c+uvvnYesMaqy/X0dU62dbI6/rk+4dxMXdnfLC/NKBA8GU+4kljWqluW797S6nBG94QZjKIv8m49zJl38QfImQ==",
      "requires": {
        "unified-lint-rule": "^1.0.0",
        "unist-util-generated": "^1.1.0",
        "unist-util-position": "^3.0.0",
        "unist-util-visit": "^1.1.1"
      }
    },
    "remark-lint-fenced-code-flag": {
      "version": "1.0.2",
      "resolved": "https://registry.npmjs.org/remark-lint-fenced-code-flag/-/remark-lint-fenced-code-flag-1.0.2.tgz",
      "integrity": "sha512-6/412zYtz+qKpFJryEPSMurWr6tO5MTVohJF3byFc3+3SSEZLWY3Dg8gbwFlumZ9T4HgmfUm/LT7Idm96zj0nw==",
      "requires": {
        "unified-lint-rule": "^1.0.0",
        "unist-util-generated": "^1.1.0",
        "unist-util-position": "^3.0.0",
        "unist-util-visit": "^1.1.1"
      }
    },
    "remark-lint-fenced-code-marker": {
      "version": "1.0.2",
      "resolved": "https://registry.npmjs.org/remark-lint-fenced-code-marker/-/remark-lint-fenced-code-marker-1.0.2.tgz",
      "integrity": "sha512-yAP59Q1JoI1jjOFCn0GoNx4uDji99ROLvdwvmz7+9YR9guDArBcR4i9Wem/wN6apauWPk2DbAZFavHvbZaT8HQ==",
      "requires": {
        "unified-lint-rule": "^1.0.0",
        "unist-util-generated": "^1.1.0",
        "unist-util-position": "^3.0.0",
        "unist-util-visit": "^1.1.1"
      }
    },
    "remark-lint-file-extension": {
      "version": "1.0.2",
      "resolved": "https://registry.npmjs.org/remark-lint-file-extension/-/remark-lint-file-extension-1.0.2.tgz",
      "integrity": "sha512-qx0uki74rmALIKE3r5J3neasbXnz6h+l88OngvpwWkELsnJmfk81JdxfEd0tZ++uTj6CN0TZuhMKad9smfNtRw==",
      "requires": {
        "unified-lint-rule": "^1.0.0"
      }
    },
    "remark-lint-final-definition": {
      "version": "1.0.2",
      "resolved": "https://registry.npmjs.org/remark-lint-final-definition/-/remark-lint-final-definition-1.0.2.tgz",
      "integrity": "sha512-F+n8eauYOJGdcSrnD7w2YgQSERx1rAwXTxStaJ2tLmoXlT7eQgpVGHz1U4Y76cg8OANbq8pT0KTNJ85JNqkq4g==",
      "requires": {
        "unified-lint-rule": "^1.0.0",
        "unist-util-generated": "^1.1.0",
        "unist-util-position": "^3.0.0",
        "unist-util-visit": "^1.1.1"
      }
    },
    "remark-lint-hard-break-spaces": {
      "version": "1.0.3",
      "resolved": "https://registry.npmjs.org/remark-lint-hard-break-spaces/-/remark-lint-hard-break-spaces-1.0.3.tgz",
      "integrity": "sha512-GiC0uXeFwef6/Pfo+EYBN0WIVlEFffh+9TdeJ4uLt89ZweaRVDPCTJQqkkuXoiXSPnZGD7cGHdkWCfXU1PaU7Q==",
      "requires": {
        "unified-lint-rule": "^1.0.0",
        "unist-util-generated": "^1.1.0",
        "unist-util-position": "^3.0.0",
        "unist-util-visit": "^1.1.1"
      }
    },
    "remark-lint-heading-increment": {
      "version": "1.0.2",
      "resolved": "https://registry.npmjs.org/remark-lint-heading-increment/-/remark-lint-heading-increment-1.0.2.tgz",
      "integrity": "sha512-CE3MmARKFk6LK+nBuOUubhr64LnbJfLNx1gA8XgxWJ4s/gf8yZO23KsaWk3ftVmmwk0d8Eqh4qKg8vvvaMyrWQ==",
      "requires": {
        "unified-lint-rule": "^1.0.0",
        "unist-util-generated": "^1.1.0",
        "unist-util-visit": "^1.1.1"
      }
    },
    "remark-lint-heading-style": {
      "version": "1.0.2",
      "resolved": "https://registry.npmjs.org/remark-lint-heading-style/-/remark-lint-heading-style-1.0.2.tgz",
      "integrity": "sha512-d0aIbL8PU5LWfZVI8p49vEV5wWIfD/DdUjc+O8j5E0UWUgcRgPGB66xznkOb8AiniXpcaYggRW8hGZsxoYNt1g==",
      "requires": {
        "mdast-util-heading-style": "^1.0.2",
        "unified-lint-rule": "^1.0.0",
        "unist-util-generated": "^1.1.0",
        "unist-util-visit": "^1.1.1"
      }
    },
    "remark-lint-link-title-style": {
      "version": "1.0.2",
      "resolved": "https://registry.npmjs.org/remark-lint-link-title-style/-/remark-lint-link-title-style-1.0.2.tgz",
      "integrity": "sha512-0yoaSeLek5hWAQM8WETpi7/pY8kAVOOC/G1ZZFKmIQ0LPeWIzbIlPKJVV0vCiW97J3Bpv8PL0TMTwhXeP0KH2w==",
      "requires": {
        "unified-lint-rule": "^1.0.0",
        "unist-util-generated": "^1.1.0",
        "unist-util-position": "^3.0.0",
        "unist-util-visit": "^1.1.1",
        "vfile-location": "^2.0.1"
      }
    },
    "remark-lint-list-item-content-indent": {
      "version": "1.0.2",
      "resolved": "https://registry.npmjs.org/remark-lint-list-item-content-indent/-/remark-lint-list-item-content-indent-1.0.2.tgz",
      "integrity": "sha512-I7VkspA/jeMmIWZ4cGmW/4oWnT6fP8pn5n11MR7azRMKgooj3N2qGF084UqrWHh/dLJcakJUNl3NTXv1XCS1Mw==",
      "requires": {
        "plur": "^3.0.0",
        "unified-lint-rule": "^1.0.0",
        "unist-util-generated": "^1.1.0",
        "unist-util-position": "^3.0.0",
        "unist-util-visit": "^1.1.1"
      }
    },
    "remark-lint-list-item-indent": {
      "version": "1.0.2",
      "resolved": "https://registry.npmjs.org/remark-lint-list-item-indent/-/remark-lint-list-item-indent-1.0.2.tgz",
      "integrity": "sha512-ogCCrO8nyuM/0k1bo+O7Ww0S08XxHA9sHh5VdhLwffCTCyOPDoxL1zWCIrAgzPBFZkgjXDQHsOxeUBi5I1ZFcA==",
      "requires": {
        "plur": "^3.0.0",
        "unified-lint-rule": "^1.0.0",
        "unist-util-generated": "^1.1.0",
        "unist-util-position": "^3.0.0",
        "unist-util-visit": "^1.1.1"
      }
    },
    "remark-lint-list-item-spacing": {
      "version": "1.1.2",
      "resolved": "https://registry.npmjs.org/remark-lint-list-item-spacing/-/remark-lint-list-item-spacing-1.1.2.tgz",
      "integrity": "sha512-IhG28ofW85o/2+eVH1ft1zgQmjxqDhNp3+217EQLQviPt/+jVcMsua4W4ZQECPg0E9473yiY9TKbBodp2kOMkg==",
      "requires": {
        "unified-lint-rule": "^1.0.0",
        "unist-util-generated": "^1.1.0",
        "unist-util-position": "^3.0.0",
        "unist-util-visit": "^1.1.1"
      }
    },
    "remark-lint-maximum-heading-length": {
      "version": "1.0.2",
      "resolved": "https://registry.npmjs.org/remark-lint-maximum-heading-length/-/remark-lint-maximum-heading-length-1.0.2.tgz",
      "integrity": "sha512-kDdwgRItpVGhxdUC+kbWn5YisCrtF4KggP8z36z26tBmDuPj1ohjQvfMWY0oKL8I0Y6UuXyE0vQx3m4R8Qrj+A==",
      "requires": {
        "mdast-util-to-string": "^1.0.2",
        "unified-lint-rule": "^1.0.0",
        "unist-util-generated": "^1.1.0",
        "unist-util-visit": "^1.1.1"
      }
    },
    "remark-lint-maximum-line-length": {
      "version": "1.1.0",
      "resolved": "https://registry.npmjs.org/remark-lint-maximum-line-length/-/remark-lint-maximum-line-length-1.1.0.tgz",
      "integrity": "sha512-L+jI6+DReoxHyAWRIxABjX8hPDgxB8B5Lzp0/nDYjWbjl7I4vTsdEvejpmP1K8LVvZ7Ew0XcVHd1zt+p2O8tDg==",
      "requires": {
        "unified-lint-rule": "^1.0.0",
        "unist-util-generated": "^1.1.0",
        "unist-util-position": "^3.0.0",
        "unist-util-visit": "^1.1.1"
      }
    },
    "remark-lint-no-auto-link-without-protocol": {
      "version": "1.0.2",
      "resolved": "https://registry.npmjs.org/remark-lint-no-auto-link-without-protocol/-/remark-lint-no-auto-link-without-protocol-1.0.2.tgz",
      "integrity": "sha512-3GtkSxOyd6we4b8JdtJsNgt8+3UN+hpw1UiMoE9X96ahc1rqsCFm6miorNUnF/gfPQ1liHBvZUed2SIenDmpkg==",
      "requires": {
        "mdast-util-to-string": "^1.0.2",
        "unified-lint-rule": "^1.0.0",
        "unist-util-generated": "^1.1.0",
        "unist-util-position": "^3.0.0",
        "unist-util-visit": "^1.1.1"
      }
    },
    "remark-lint-no-blockquote-without-marker": {
      "version": "2.0.2",
      "resolved": "https://registry.npmjs.org/remark-lint-no-blockquote-without-marker/-/remark-lint-no-blockquote-without-marker-2.0.2.tgz",
      "integrity": "sha512-jkfZ4hFiviZttEo7Ac7GZWFgMQ/bdVPfSluLeuf+qwL8sQvR4ClklKJ0Xbkk3cLRjvlGsc8U8uZR8qqH5MSLoA==",
      "requires": {
        "unified-lint-rule": "^1.0.0",
        "unist-util-generated": "^1.1.0",
        "unist-util-position": "^3.0.0",
        "unist-util-visit": "^1.1.1",
        "vfile-location": "^2.0.1"
      }
    },
    "remark-lint-no-consecutive-blank-lines": {
      "version": "1.0.2",
      "resolved": "https://registry.npmjs.org/remark-lint-no-consecutive-blank-lines/-/remark-lint-no-consecutive-blank-lines-1.0.2.tgz",
      "integrity": "sha512-KbOm6EX5Yl9uzRC93soTB+HlqtCzu9XJWsV9CVcoDKtNnpKfyTwQOy6dmUbQrLp4xBdNk4s9S9CsemRaHEkFGA==",
      "requires": {
        "plur": "^3.0.0",
        "unified-lint-rule": "^1.0.0",
        "unist-util-generated": "^1.1.0",
        "unist-util-position": "^3.0.0",
        "unist-util-visit": "^1.1.1"
      }
    },
    "remark-lint-no-duplicate-headings": {
      "version": "1.0.2",
      "resolved": "https://registry.npmjs.org/remark-lint-no-duplicate-headings/-/remark-lint-no-duplicate-headings-1.0.2.tgz",
      "integrity": "sha512-RO3/eQxLjUoHirHIVC+bE5Abzl+gWiJcdPr48gGSP34xfwCeaBAaeorOAxY/hOqOQ/EVNTTA/JHCBVSNPZWIeg==",
      "requires": {
        "mdast-util-to-string": "^1.0.2",
        "unified-lint-rule": "^1.0.0",
        "unist-util-generated": "^1.1.0",
        "unist-util-position": "^3.0.0",
        "unist-util-stringify-position": "^1.1.2",
        "unist-util-visit": "^1.1.1"
      }
    },
    "remark-lint-no-emphasis-as-heading": {
      "version": "1.0.2",
      "resolved": "https://registry.npmjs.org/remark-lint-no-emphasis-as-heading/-/remark-lint-no-emphasis-as-heading-1.0.2.tgz",
      "integrity": "sha512-lKlwiRQOFOoPSwjbZf065RaUr6RZmO82zZYjXhVT9xwMkWXIAQyG0GJuLB2/+rlMEtlgoUD3ePch+Pzf+KrSJQ==",
      "requires": {
        "unified-lint-rule": "^1.0.0",
        "unist-util-generated": "^1.1.0",
        "unist-util-visit": "^1.1.1"
      }
    },
    "remark-lint-no-file-name-articles": {
      "version": "1.0.2",
      "resolved": "https://registry.npmjs.org/remark-lint-no-file-name-articles/-/remark-lint-no-file-name-articles-1.0.2.tgz",
      "integrity": "sha512-5FuxJ0Hd2AgVSP1javG51qPbMBWxma1LrCKI6JmBsu/GM7ZYOgemMyH5v4I1ejTPGj7P30xmIjMNSnV8IBMq3g==",
      "requires": {
        "unified-lint-rule": "^1.0.0"
      }
    },
    "remark-lint-no-file-name-consecutive-dashes": {
      "version": "1.0.2",
      "resolved": "https://registry.npmjs.org/remark-lint-no-file-name-consecutive-dashes/-/remark-lint-no-file-name-consecutive-dashes-1.0.2.tgz",
      "integrity": "sha512-VvCxG3AfRm6ROFNJ8+tdOOkk61mEKj+PytB8xg5WNQypKWhhJ734mJ3GzXD4XEov7Bdd1GVXJFXlLFtfoAewHw==",
      "requires": {
        "unified-lint-rule": "^1.0.0"
      }
    },
    "remark-lint-no-file-name-irregular-characters": {
      "version": "1.0.2",
      "resolved": "https://registry.npmjs.org/remark-lint-no-file-name-irregular-characters/-/remark-lint-no-file-name-irregular-characters-1.0.2.tgz",
      "integrity": "sha512-8A+DYXsiPBu0q4cvqtYwzRj6SWrKnPh+oI1H1t64pCQiSnLmG9e3mAUXMxH9PiM6y5OW7Vw8Xh4KYsnRwGEuMQ==",
      "requires": {
        "unified-lint-rule": "^1.0.0"
      }
    },
    "remark-lint-no-file-name-mixed-case": {
      "version": "1.0.2",
      "resolved": "https://registry.npmjs.org/remark-lint-no-file-name-mixed-case/-/remark-lint-no-file-name-mixed-case-1.0.2.tgz",
      "integrity": "sha512-OMH2kpjvDAsyyw8ar9h6WI1kUXSpQ2r2c5JZv3NBNYxwzTBfhCR2MSQq+eEI7yUmD2ehqNUY5LwZTQZG6cK4vw==",
      "requires": {
        "unified-lint-rule": "^1.0.0"
      }
    },
    "remark-lint-no-file-name-outer-dashes": {
      "version": "1.0.3",
      "resolved": "https://registry.npmjs.org/remark-lint-no-file-name-outer-dashes/-/remark-lint-no-file-name-outer-dashes-1.0.3.tgz",
      "integrity": "sha512-imUWm8Bi9PxV+IQtQC2/BV1Yj0VboC9hPMZh3sae8pZvCjXquTyYiSFa7hQxX6KWCNUiRPHMSlaSVvfvM2e4pQ==",
      "requires": {
        "unified-lint-rule": "^1.0.0"
      }
    },
    "remark-lint-no-heading-punctuation": {
      "version": "1.0.2",
      "resolved": "https://registry.npmjs.org/remark-lint-no-heading-punctuation/-/remark-lint-no-heading-punctuation-1.0.2.tgz",
      "integrity": "sha512-nYc2a0ihQ5cPy7elaM0lRPYKEMpEK6EjyJH6pHYlgG8NQwjKXhsVaek0fmAm12PaYoYOGW1pDxfzxnFUocU20g==",
      "requires": {
        "mdast-util-to-string": "^1.0.2",
        "unified-lint-rule": "^1.0.0",
        "unist-util-generated": "^1.1.0",
        "unist-util-visit": "^1.1.1"
      }
    },
    "remark-lint-no-inline-padding": {
      "version": "1.0.2",
      "resolved": "https://registry.npmjs.org/remark-lint-no-inline-padding/-/remark-lint-no-inline-padding-1.0.2.tgz",
      "integrity": "sha512-SHYqEH27yxzgcXSyaIzvqImvktDhXGltRSOEhAHiL2nJktuPt3nosFfGy4/oKAJMWJ2N3aMudXq/zuw1dAkQSg==",
      "requires": {
        "mdast-util-to-string": "^1.0.2",
        "unified-lint-rule": "^1.0.0",
        "unist-util-generated": "^1.1.0",
        "unist-util-visit": "^1.1.1"
      }
    },
    "remark-lint-no-literal-urls": {
      "version": "1.0.2",
      "resolved": "https://registry.npmjs.org/remark-lint-no-literal-urls/-/remark-lint-no-literal-urls-1.0.2.tgz",
      "integrity": "sha512-+mWZIJA4yAqpKIclcFP5wRy/6hxcPnfU9Xmgp4fR7OD4JQ4JHkKq9O7MUbda14PLez1aMX+Is0O0hWI7OuqsSw==",
      "requires": {
        "mdast-util-to-string": "^1.0.2",
        "unified-lint-rule": "^1.0.0",
        "unist-util-generated": "^1.1.0",
        "unist-util-position": "^3.0.0",
        "unist-util-visit": "^1.1.1"
      }
    },
    "remark-lint-no-multiple-toplevel-headings": {
      "version": "1.0.2",
      "resolved": "https://registry.npmjs.org/remark-lint-no-multiple-toplevel-headings/-/remark-lint-no-multiple-toplevel-headings-1.0.2.tgz",
      "integrity": "sha512-Zxkw7wIyMOyYQb5C5NTswSttZPCLqm/60Wnt0TEWzXVDkVk5DrxrCCxbMKgpXve1Co5CXPmMixNr/xYBqzxzWg==",
      "requires": {
        "unified-lint-rule": "^1.0.0",
        "unist-util-generated": "^1.1.0",
        "unist-util-position": "^3.0.0",
        "unist-util-stringify-position": "^1.1.2",
        "unist-util-visit": "^1.1.1"
      }
    },
    "remark-lint-no-shell-dollars": {
      "version": "1.0.2",
      "resolved": "https://registry.npmjs.org/remark-lint-no-shell-dollars/-/remark-lint-no-shell-dollars-1.0.2.tgz",
      "integrity": "sha512-eIjBebX9iOFWbMdjol5JJBXI7ku+7UyJpNrd++rl8QenLLZ76beh+xONCzJw/k5dhEw5voBmQLh7VK9HPU/ang==",
      "requires": {
        "unified-lint-rule": "^1.0.0",
        "unist-util-generated": "^1.1.0",
        "unist-util-visit": "^1.1.1"
      }
    },
    "remark-lint-no-shortcut-reference-image": {
      "version": "1.0.2",
      "resolved": "https://registry.npmjs.org/remark-lint-no-shortcut-reference-image/-/remark-lint-no-shortcut-reference-image-1.0.2.tgz",
      "integrity": "sha512-IVYv5pgyf70jYcrn+BNHVO37BuQJg26rFOLzi2mj+/8EdFpolJiJcTvkChJgz5yip7317DmQQSNLX6gCExuDrQ==",
      "requires": {
        "unified-lint-rule": "^1.0.0",
        "unist-util-generated": "^1.1.0",
        "unist-util-visit": "^1.1.1"
      }
    },
    "remark-lint-no-shortcut-reference-link": {
      "version": "1.0.3",
      "resolved": "https://registry.npmjs.org/remark-lint-no-shortcut-reference-link/-/remark-lint-no-shortcut-reference-link-1.0.3.tgz",
      "integrity": "sha512-v5mk4wYQL+YRmlOTqi8avpzhoGZg+P42dDRda2jedysDIx7TJBEXUH6oMFEbo/qV6PMmtr7fr066M3RrOrLpiQ==",
      "requires": {
        "unified-lint-rule": "^1.0.0",
        "unist-util-generated": "^1.1.0",
        "unist-util-visit": "^1.1.1"
      }
    },
    "remark-lint-no-table-indentation": {
      "version": "1.0.2",
      "resolved": "https://registry.npmjs.org/remark-lint-no-table-indentation/-/remark-lint-no-table-indentation-1.0.2.tgz",
      "integrity": "sha512-wH0lMGV3DGf7WeDLYGle7SODkXNKqmFtGuh6sG5oa0XgA17rI/L35Vq5tal4DE/5gQG+l4+/0Iy9FPKdBODSDA==",
      "requires": {
        "unified-lint-rule": "^1.0.0",
        "unist-util-generated": "^1.1.0",
        "unist-util-position": "^3.0.0",
        "unist-util-visit": "^1.1.1"
      }
    },
    "remark-lint-ordered-list-marker-style": {
      "version": "1.0.2",
      "resolved": "https://registry.npmjs.org/remark-lint-ordered-list-marker-style/-/remark-lint-ordered-list-marker-style-1.0.2.tgz",
      "integrity": "sha512-4EHuHxZqy8IT4k+4Vc8P38I34AiZfgl07fS5/iqGhCdoSMCvvxdOuzTWTgpDFbx/W2QpHelBfJ+FtOp+E0J4Lg==",
      "requires": {
        "unified-lint-rule": "^1.0.0",
        "unist-util-generated": "^1.1.0",
        "unist-util-position": "^3.0.0",
        "unist-util-visit": "^1.1.1"
      }
    },
    "remark-lint-ordered-list-marker-value": {
      "version": "1.0.2",
      "resolved": "https://registry.npmjs.org/remark-lint-ordered-list-marker-value/-/remark-lint-ordered-list-marker-value-1.0.2.tgz",
      "integrity": "sha512-vIPD07u+FBjTjEETZ+UWUp2nydzvOe5AHIX812JlNXWuHYuCybq8DGnkYUcoiK3HbIE+KdG+e7C5xHkim0PSjw==",
      "requires": {
        "unified-lint-rule": "^1.0.0",
        "unist-util-generated": "^1.1.0",
        "unist-util-position": "^3.0.0",
        "unist-util-visit": "^1.1.1"
      }
    },
    "remark-lint-rule-style": {
      "version": "1.0.2",
      "resolved": "https://registry.npmjs.org/remark-lint-rule-style/-/remark-lint-rule-style-1.0.2.tgz",
      "integrity": "sha512-D9mMPKA7rtCe4Yx+ryip6FyfNG9uGOaHxRgJClfte7D66QzxiiWtHYyNCXI4rkv8Ax9PrEdpWCPcIl3D2LrXhw==",
      "requires": {
        "unified-lint-rule": "^1.0.0",
        "unist-util-generated": "^1.1.0",
        "unist-util-position": "^3.0.0",
        "unist-util-visit": "^1.1.1"
      }
    },
    "remark-lint-strong-marker": {
      "version": "1.0.2",
      "resolved": "https://registry.npmjs.org/remark-lint-strong-marker/-/remark-lint-strong-marker-1.0.2.tgz",
      "integrity": "sha512-oUSKqYJVLgbXe25NmcTOfQ8wsFasc+qhEoGjPEGPuJMV2aZIGuOEbGVqD5B1ckYGBEwbTuet3btvMohz8HaBDQ==",
      "requires": {
        "unified-lint-rule": "^1.0.0",
        "unist-util-generated": "^1.1.0",
        "unist-util-position": "^3.0.0",
        "unist-util-visit": "^1.1.1"
      }
    },
    "remark-lint-table-cell-padding": {
      "version": "1.0.2",
      "resolved": "https://registry.npmjs.org/remark-lint-table-cell-padding/-/remark-lint-table-cell-padding-1.0.2.tgz",
      "integrity": "sha512-uYm8ia0joAFeK0XLpxVtGW37Ry1XRBDmWH1gDiO2MXWcUip1w1Brvyue4H8JfXB4IM+S5eI/zPR5zN5Wpj9kfA==",
      "requires": {
        "unified-lint-rule": "^1.0.0",
        "unist-util-generated": "^1.1.0",
        "unist-util-position": "^3.0.0",
        "unist-util-visit": "^1.1.1"
      }
    },
    "remark-lint-table-pipe-alignment": {
      "version": "1.0.2",
      "resolved": "https://registry.npmjs.org/remark-lint-table-pipe-alignment/-/remark-lint-table-pipe-alignment-1.0.2.tgz",
      "integrity": "sha512-gLJwduvBI2soR7Dyf39KGUl3M9ZCK/7pFfWBeOv8J27D7px/1lXooqlX4Y9NQ/+9jc7DyLF9upPxh7UWm7UXGg==",
      "requires": {
        "unified-lint-rule": "^1.0.0",
        "unist-util-generated": "^1.1.0",
        "unist-util-position": "^3.0.0",
        "unist-util-visit": "^1.1.1"
      }
    },
    "remark-lint-table-pipes": {
      "version": "1.0.2",
      "resolved": "https://registry.npmjs.org/remark-lint-table-pipes/-/remark-lint-table-pipes-1.0.2.tgz",
      "integrity": "sha512-BGKcOviuUC6fILIOPYFe6awqk57ApzNJpK3OYBrweGoFF55nZ/qf3q6JpzA0chd6wKj7VrcfQEd3QSQQ+8Wcrw==",
      "requires": {
        "unified-lint-rule": "^1.0.0",
        "unist-util-generated": "^1.1.0",
        "unist-util-position": "^3.0.0",
        "unist-util-visit": "^1.1.1"
      }
    },
    "remark-lint-unordered-list-marker-style": {
      "version": "1.0.2",
      "resolved": "https://registry.npmjs.org/remark-lint-unordered-list-marker-style/-/remark-lint-unordered-list-marker-style-1.0.2.tgz",
      "integrity": "sha512-qdnF9JuMWzFJzGIfdAWfOHyjad8dqIQSs+cTzqMlNZHOGrrCJdTUWzybzcZMGn1yuwreklZdHKhOglXQFwSD3A==",
      "requires": {
        "unified-lint-rule": "^1.0.0",
        "unist-util-generated": "^1.1.0",
        "unist-util-position": "^3.0.0",
        "unist-util-visit": "^1.1.1"
      }
    },
    "remark-message-control": {
      "version": "4.1.0",
      "resolved": "https://registry.npmjs.org/remark-message-control/-/remark-message-control-4.1.0.tgz",
      "integrity": "sha512-e1dszks4YKY7hLAkhS2367jBjBpAfvi+kVgSN/tOFrdp3qxITjiNR5fOFnyYF8vvorkQ9uxlKJoZUOW8T7rKDg==",
      "requires": {
        "mdast-comment-marker": "^1.0.0",
        "unified-message-control": "^1.0.0",
        "xtend": "^4.0.1"
      }
    },
    "remark-preset-lint-markdown-style-guide": {
      "version": "2.1.2",
      "resolved": "https://registry.npmjs.org/remark-preset-lint-markdown-style-guide/-/remark-preset-lint-markdown-style-guide-2.1.2.tgz",
      "integrity": "sha512-0mYeeO084o3ZuDSQCvj5vpMZEGQ/HxPcO5vdNpicu+wKpuGNKV2hYZeHbXa/uZV0gjiQeuRmCHIDgNaDsMj5fg==",
      "requires": {
        "remark-lint": "^6.0.0",
        "remark-lint-blockquote-indentation": "^1.0.0",
        "remark-lint-code-block-style": "^1.0.0",
        "remark-lint-definition-case": "^1.0.0",
        "remark-lint-definition-spacing": "^1.0.0",
        "remark-lint-emphasis-marker": "^1.0.0",
        "remark-lint-fenced-code-flag": "^1.0.0",
        "remark-lint-fenced-code-marker": "^1.0.0",
        "remark-lint-file-extension": "^1.0.0",
        "remark-lint-final-definition": "^1.0.0",
        "remark-lint-hard-break-spaces": "^1.0.0",
        "remark-lint-heading-increment": "^1.0.0",
        "remark-lint-heading-style": "^1.0.0",
        "remark-lint-link-title-style": "^1.0.0",
        "remark-lint-list-item-content-indent": "^1.0.0",
        "remark-lint-list-item-indent": "^1.0.0",
        "remark-lint-list-item-spacing": "^1.0.0",
        "remark-lint-maximum-heading-length": "^1.0.0",
        "remark-lint-maximum-line-length": "^1.0.0",
        "remark-lint-no-auto-link-without-protocol": "^1.0.0",
        "remark-lint-no-blockquote-without-marker": "^2.0.0",
        "remark-lint-no-consecutive-blank-lines": "^1.0.0",
        "remark-lint-no-duplicate-headings": "^1.0.0",
        "remark-lint-no-emphasis-as-heading": "^1.0.0",
        "remark-lint-no-file-name-articles": "^1.0.0",
        "remark-lint-no-file-name-consecutive-dashes": "^1.0.0",
        "remark-lint-no-file-name-irregular-characters": "^1.0.0",
        "remark-lint-no-file-name-mixed-case": "^1.0.0",
        "remark-lint-no-file-name-outer-dashes": "^1.0.0",
        "remark-lint-no-heading-punctuation": "^1.0.0",
        "remark-lint-no-inline-padding": "^1.0.0",
        "remark-lint-no-literal-urls": "^1.0.0",
        "remark-lint-no-multiple-toplevel-headings": "^1.0.0",
        "remark-lint-no-shell-dollars": "^1.0.0",
        "remark-lint-no-shortcut-reference-image": "^1.0.0",
        "remark-lint-no-shortcut-reference-link": "^1.0.0",
        "remark-lint-no-table-indentation": "^1.0.0",
        "remark-lint-ordered-list-marker-style": "^1.0.0",
        "remark-lint-ordered-list-marker-value": "^1.0.0",
        "remark-lint-rule-style": "^1.0.0",
        "remark-lint-strong-marker": "^1.0.0",
        "remark-lint-table-cell-padding": "^1.0.0",
        "remark-lint-table-pipe-alignment": "^1.0.0",
        "remark-lint-table-pipes": "^1.0.0",
        "remark-lint-unordered-list-marker-style": "^1.0.0"
      }
    },
    "sliced": {
      "version": "1.0.1",
      "resolved": "https://registry.npmjs.org/sliced/-/sliced-1.0.1.tgz",
      "integrity": "sha1-CzpmK10Ewxd7GSa+qCsD+Dei70E="
    },
    "trim": {
      "version": "0.0.1",
      "resolved": "https://registry.npmjs.org/trim/-/trim-0.0.1.tgz",
      "integrity": "sha1-WFhUf2spB1fulczMZm+1AITEYN0="
    },
    "unified-lint-rule": {
      "version": "1.0.3",
      "resolved": "https://registry.npmjs.org/unified-lint-rule/-/unified-lint-rule-1.0.3.tgz",
      "integrity": "sha512-6z+HH3mtlFdj/w3MaQpObrZAd9KRiro370GxBFh13qkV8LYR21lLozA4iQiZPhe7KuX/lHewoGOEgQ4AWrAR3Q==",
      "requires": {
        "wrapped": "^1.0.1"
      }
    },
    "unified-message-control": {
      "version": "1.0.4",
      "resolved": "https://registry.npmjs.org/unified-message-control/-/unified-message-control-1.0.4.tgz",
      "integrity": "sha512-e1dEtN4Z/TvLn/qHm+xeZpzqhJTtfZusFErk336kkZVpqrJYiV9ptxq+SbRPFMlN0OkjDYHmVJ929KYjsMTo3g==",
      "requires": {
        "trim": "0.0.1",
        "unist-util-visit": "^1.0.0",
        "vfile-location": "^2.0.0"
      }
    },
    "unist-util-generated": {
      "version": "1.1.2",
      "resolved": "https://registry.npmjs.org/unist-util-generated/-/unist-util-generated-1.1.2.tgz",
      "integrity": "sha512-1HcwiEO62dr0XWGT+abVK4f0aAm8Ik8N08c5nAYVmuSxfvpA9rCcNyX/le8xXj1pJK5nBrGlZefeWB6bN8Pstw=="
    },
    "unist-util-is": {
      "version": "2.1.2",
      "resolved": "https://registry.npmjs.org/unist-util-is/-/unist-util-is-2.1.2.tgz",
      "integrity": "sha512-YkXBK/H9raAmG7KXck+UUpnKiNmUdB+aBGrknfQ4EreE1banuzrKABx3jP6Z5Z3fMSPMQQmeXBlKpCbMwBkxVw=="
    },
    "unist-util-position": {
      "version": "3.0.1",
      "resolved": "https://registry.npmjs.org/unist-util-position/-/unist-util-position-3.0.1.tgz",
      "integrity": "sha512-05QfJDPI7PE1BIUtAxeSV+cDx21xP7+tUZgSval5CA7tr0pHBwybF7OnEa1dOFqg6BfYH/qiMUnWwWj+Frhlww=="
    },
    "unist-util-stringify-position": {
      "version": "1.1.2",
      "resolved": "https://registry.npmjs.org/unist-util-stringify-position/-/unist-util-stringify-position-1.1.2.tgz",
      "integrity": "sha512-pNCVrk64LZv1kElr0N1wPiHEUoXNVFERp+mlTg/s9R5Lwg87f9bM/3sQB99w+N9D/qnM9ar3+AKDBwo/gm/iQQ=="
    },
    "unist-util-visit": {
      "version": "1.4.0",
      "resolved": "https://registry.npmjs.org/unist-util-visit/-/unist-util-visit-1.4.0.tgz",
      "integrity": "sha512-FiGu34ziNsZA3ZUteZxSFaczIjGmksfSgdKqBfOejrrfzyUy5b7YrlzT1Bcvi+djkYDituJDy2XB7tGTeBieKw==",
      "requires": {
        "unist-util-visit-parents": "^2.0.0"
      }
    },
    "unist-util-visit-parents": {
      "version": "2.0.1",
      "resolved": "https://registry.npmjs.org/unist-util-visit-parents/-/unist-util-visit-parents-2.0.1.tgz",
      "integrity": "sha512-6B0UTiMfdWql4cQ03gDTCSns+64Zkfo2OCbK31Ov0uMizEz+CJeAp0cgZVb5Fhmcd7Bct2iRNywejT0orpbqUA==",
      "requires": {
        "unist-util-is": "^2.1.2"
      }
    },
    "vfile-location": {
      "version": "2.0.3",
      "resolved": "https://registry.npmjs.org/vfile-location/-/vfile-location-2.0.3.tgz",
      "integrity": "sha512-zM5/l4lfw1CBoPx3Jimxoc5RNDAHHpk6AM6LM0pTIkm5SUSsx8ZekZ0PVdf0WEZ7kjlhSt7ZlqbRL6Cd6dBs6A=="
    },
    "wrapped": {
      "version": "1.0.1",
      "resolved": "https://registry.npmjs.org/wrapped/-/wrapped-1.0.1.tgz",
      "integrity": "sha1-x4PZ2Aeyc+mwHoUWgKk4yHyQckI=",
      "requires": {
        "co": "3.1.0",
        "sliced": "^1.0.1"
      }
    },
    "xtend": {
      "version": "4.0.1",
      "resolved": "https://registry.npmjs.org/xtend/-/xtend-4.0.1.tgz",
      "integrity": "sha1-pcbVMr5lbiPbgg77lDofBJmNY68="
    }
  }
}
